
Microsoft Visual Studio Solution File, Format Version 12.00
# Visual Studio 15
VisualStudioVersion = 15.0.26228.9
MinimumVisualStudioVersion = 10.0.40219.1
Project("{FAE04EC0-301F-11D3-BF4B-00C04F79EFBC}") = "CrashReportApp", "CrashReportApp\CrashReportApp.csproj", "{AEEAC8CF-D0A8-433A-B3F2-D64353C5FABD}"
EndProject
Project("{FAE04EC0-301F-11D3-BF4B-00C04F79EFBC}") = "ElectronCrashCollector", "ElectronCrashCollector\ElectronCrashCollector.csproj", "{8BAD6FDA-F106-403C-BB8D-73EFB5944E47}"
EndProject
Global
	GlobalSection(SolutionConfigurationPlatforms) = preSolution
		Debug|Any CPU = Debug|Any CPU
		Release|Any CPU = Release|Any CPU
	EndGlobalSection
	GlobalSection(ProjectConfigurationPlatforms) = postSolution
		{AEEAC8CF-D0A8-433A-B3F2-D64353C5FABD}.Debug|Any CPU.ActiveCfg = Debug|Any CPU
		{AEEAC8CF-D0A8-433A-B3F2-D64353C5FABD}.Debug|Any CPU.Build.0 = Debug|Any CPU
		{AEEAC8CF-D0A8-433A-B3F2-D64353C5FABD}.Release|Any CPU.ActiveCfg = Release|Any CPU
		{AEEAC8CF-D0A8-433A-B3F2-D64353C5FABD}.Release|Any CPU.Build.0 = Release|Any CPU
		{8BAD6FDA-F106-403C-BB8D-73EFB5944E47}.Debug|Any CPU.ActiveCfg = Debug|Any CPU
		{8BAD6FDA-F106-403C-BB8D-73EFB5944E47}.Debug|Any CPU.Build.0 = Debug|Any CPU
		{8BAD6FDA-F106-403C-BB8D-73EFB5944E47}.Release|Any CPU.ActiveCfg = Release|Any CPU
		{8BAD6FDA-F106-403C-BB8D-73EFB5944E47}.Release|Any CPU.Build.0 = Release|Any CPU
	EndGlobalSection
	GlobalSection(SolutionProperties) = preSolution
		HideSolutionNode = FALSE
	EndGlobalSection
EndGlobal
